{
  "name": "pebble-fez",
  "version": "3.0.1",
  "lockfileVersion": 3,
  "requires": true,
  "packages": {
    "": {
      "name": "pebble-fez",
      "version": "3.0.1",
      "dependencies": {
        "@rebble/clay": "^1.0.8"
      }
    },
    "node_modules/@rebble/clay": {
      "version": "1.0.8",
      "resolved": "https://registry.npmjs.org/@rebble/clay/-/clay-1.0.8.tgz",
      "integrity": "sha512-nLZes039sniW1Qx24AXirk1EH+JXNKSX5fAiJYObPL1znt83IGLIulZvDWXvM+HCmaSnjPheYdxvspr3CZicYQ==",
      "license": "MIT"
    }
  }
}
